{
    "_meta": {
        "hash": {
            "sha256": "5d408e2f844b168346c14d715279265f36c7b85d7b874f11f205ec0d56830053"
        },
        "pipfile-spec": 6,
        "requires": {
            "python_version": "3.11"
        },
        "sources": [
            {
                "name": "pypi",
                "url": "https://pypi.org/simple",
                "verify_ssl": true
            }
        ]
    },
    "default": {
        "asgiref": {
            "hashes": [
                "sha256:89b2ef2247e3b562a16eef663bc0e2e703ec6468e2fa8a5cd61cd449786d4f6e",
                "sha256:9e0ce3aa93a819ba5b45120216b23878cf6e8525eb3848653452b4192b92afed"
            ],
            "markers": "python_version >= '3.7'",
            "version": "==3.7.2"
        },
        "crispy-bootstrap5": {
            "hashes": [
                "sha256:9b5a6c9880f37cd32aa678c0d7576ae60b3e502c444c8712e582f8bd91659afb",
                "sha256:f16c44f1997310e5a89c0cf230402e7111cc1f942f64fb7e44603958b89b06a1"
            ],
            "index": "pypi",
            "markers": "python_version >= '3.8'",
            "version": "==2023.10"
        },
        "django": {
            "hashes": [
                "sha256:3a9fd52b8dbeae335ddf4a9dfa6c6a0853a1122f1fb071a8d5eca979f73a05c8",
                "sha256:7d29e14dfbc19cb6a95a4bd669edbde11f5d4c6a71fdaa42c2d40b6846e807f7"
            ],
            "markers": "python_version >= '3.10'",
            "version": "==5.0"
        },
        "django-bootstrap5": {
            "hashes": [
                "sha256:21e1956a8a819370decc5d365ce4f4207761cb065afec5a7df8c4c8c49507f2e",
                "sha256:ca1bb2f40175ed1c1725f52f249a574bf629b33b5a0af3bec0eab1de6d72836c"
            ],
            "index": "pypi",
            "markers": "python_version >= '3.7'",
            "version": "==23.3"
        },
        "django-crispy-forms": {
            "hashes": [
                "sha256:4d7ec431933ad4d4b5c5a6de4a584d24613c347db9ac168723c9aaf63af4bb96",
                "sha256:d592044771412ae1bd539cc377203aa61d4eebe77fcbc07fbc8f12d3746d4f6b"
            ],
            "index": "pypi",
            "markers": "python_version >= '3.8'",
            "version": "==2.1"
        },
        "django-jazzmin": {
            "hashes": [
                "sha256:5bb07055cf19183030724f976904fd8b6337559727959340a43832fab0531812",
                "sha256:fb554c2d564649c65243b13385121fdbdda58521f49544f9d7cb9c414a4908d4"
            ],
            "index": "pypi",
            "markers": "python_full_version >= '3.6.2'",
            "version": "==2.6.0"
        },
        "django-use-email-as-username": {
            "hashes": [
                "sha256:4ac2dc6f7d9c0ad7c156fb56a872f6d32bbf21af0a16748dd84650f5d9deaca3",
                "sha256:58a6f38a487a887bcaefa5435a5abf5620994805f68cb62b2dc3f226bf177fb9"
            ],
            "index": "pypi",
            "markers": "python_version >= '3.7'",
            "version": "==1.4.0"
        },
        "sqlparse": {
            "hashes": [
                "sha256:5430a4fe2ac7d0f93e66f1efc6e1338a41884b7ddf2a350cedd20ccc4d9d28f3",
                "sha256:d446183e84b8349fa3061f0fe7f06ca94ba65b426946ffebe6e3e8295332420c"
            ],
            "markers": "python_version >= '3.5'",
            "version": "==0.4.4"
        },
        "tzdata": {
            "hashes": [
                "sha256:11ef1e08e54acb0d4f95bdb1be05da659673de4acbd21bf9c69e94cc5e907a3a",
                "sha256:7e65763eef3120314099b6939b5546db7adce1e7d6f2e179e3df563c70511eda"
            ],
            "markers": "sys_platform == 'win32'",
            "version": "==2023.3"
        }
    },
    "develop": {}
}
